
Microsoft Visual Studio Solution File, Format Version 12.00
# Visual Studio Version 17
VisualStudioVersion = 17.10.35013.160
MinimumVisualStudioVersion = 10.0.40219.1
Project("{FAE04EC0-301F-11D3-BF4B-00C04F79EFBC}") = "proyecto1", "proyecto1\proyecto1.csproj", "{83BE4BC5-439A-457C-AEDF-91A0C35EDAEA}"
EndProject
Global
	GlobalSection(SolutionConfigurationPlatforms) = preSolution
		Debug|Any CPU = Debug|Any CPU
		Release|Any CPU = Release|Any CPU
	EndGlobalSection
	GlobalSection(ProjectConfigurationPlatforms) = postSolution
		{83BE4BC5-439A-457C-AEDF-91A0C35EDAEA}.Debug|Any CPU.ActiveCfg = Debug|Any CPU
		{83BE4BC5-439A-457C-AEDF-91A0C35EDAEA}.Debug|Any CPU.Build.0 = Debug|Any CPU
		{83BE4BC5-439A-457C-AEDF-91A0C35EDAEA}.Release|Any CPU.ActiveCfg = Release|Any CPU
		{83BE4BC5-439A-457C-AEDF-91A0C35EDAEA}.Release|Any CPU.Build.0 = Release|Any CPU
	EndGlobalSection
	GlobalSection(SolutionProperties) = preSolution
		HideSolutionNode = FALSE
	EndGlobalSection
	GlobalSection(ExtensibilityGlobals) = postSolution
		SolutionGuid = {F54A417C-DD90-4D1E-8185-62934AFEF6CE}
	EndGlobalSection
EndGlobal
